// !$*UTF8*$!
{
	archiveVersion = 1;
	classes = {
	};
	objectVersion = 56;
	objects = {

/* Begin PBXBuildFile section */
		0CB2F2160D9D778194D2371E /* Pods_materiomoni_materiomoniUITests.framework in Frameworks */ = {isa = PBXBuildFile; fileRef = E74FCF8BFC50F147A5D167E8 /* Pods_materiomoni_materiomoniUITests.framework */; };
		3924CAADCED1CE7320D475EB /* Pods_materiomoni.framework in Frameworks */ = {isa = PBXBuildFile; fileRef = DB719B692DDF87B9FB2D25D8 /* Pods_materiomoni.framework */; };
		AA4965740F3F9D376D620930 /* Pods_materiomoniTests.framework in Frameworks */ = {isa = PBXBuildFile; fileRef = 1BD19388412BA03AC61EE847 /* Pods_materiomoniTests.framework */; };
		F8279899292A639000921C32 /* AppDelegate.swift in Sources */ = {isa = PBXBuildFile; fileRef = F8279898292A639000921C32 /* AppDelegate.swift */; };
		F827989B292A639000921C32 /* SceneDelegate.swift in Sources */ = {isa = PBXBuildFile; fileRef = F827989A292A639000921C32 /* SceneDelegate.swift */; };
		F827989D292A639000921C32 /* TabelViewController.swift in Sources */ = {isa = PBXBuildFile; fileRef = F827989C292A639000921C32 /* TabelViewController.swift */; };
		F82798A0292A639000921C32 /* Main.storyboard in Resources */ = {isa = PBXBuildFile; fileRef = F827989E292A639000921C32 /* Main.storyboard */; };
		F82798A2292A639100921C32 /* Assets.xcassets in Resources */ = {isa = PBXBuildFile; fileRef = F82798A1292A639100921C32 /* Assets.xcassets */; };
		F82798A5292A639100921C32 /* LaunchScreen.storyboard in Resources */ = {isa = PBXBuildFile; fileRef = F82798A3292A639100921C32 /* LaunchScreen.storyboard */; };
		F82798B0292A639100921C32 /* materiomoniTests.swift in Sources */ = {isa = PBXBuildFile; fileRef = F82798AF292A639100921C32 /* materiomoniTests.swift */; };
		F82798BA292A639100921C32 /* materiomoniUITests.swift in Sources */ = {isa = PBXBuildFile; fileRef = F82798B9292A639100921C32 /* materiomoniUITests.swift */; };
		F82798BC292A639100921C32 /* materiomoniUITestsLaunchTests.swift in Sources */ = {isa = PBXBuildFile; fileRef = F82798BB292A639100921C32 /* materiomoniUITestsLaunchTests.swift */; };
		F82798D1292A746400921C32 /* TableViewCell.swift in Sources */ = {isa = PBXBuildFile; fileRef = F82798D0292A746400921C32 /* TableViewCell.swift */; };
		F82798D5292A74E800921C32 /* ViewController.swift in Sources */ = {isa = PBXBuildFile; fileRef = F82798D4292A74E800921C32 /* ViewController.swift */; };
		F82798E4292A785400921C32 /* FMDatabaseQueue.m in Sources */ = {isa = PBXBuildFile; fileRef = F82798D8292A785300921C32 /* FMDatabaseQueue.m */; };
		F82798E5292A785400921C32 /* FMDatabasePool.m in Sources */ = {isa = PBXBuildFile; fileRef = F82798DD292A785300921C32 /* FMDatabasePool.m */; };
		F82798E6292A785400921C32 /* FMDatabaseAdditions.m in Sources */ = {isa = PBXBuildFile; fileRef = F82798DF292A785400921C32 /* FMDatabaseAdditions.m */; };
		F82798E7292A785400921C32 /* FMResultSet.m in Sources */ = {isa = PBXBuildFile; fileRef = F82798E0292A785400921C32 /* FMResultSet.m */; };
		F82798E8292A785400921C32 /* FMDatabase.m in Sources */ = {isa = PBXBuildFile; fileRef = F82798E2292A785400921C32 /* FMDatabase.m */; };
		F82798EB292A78DC00921C32 /* Utility.swift in Sources */ = {isa = PBXBuildFile; fileRef = F82798EA292A78DC00921C32 /* Utility.swift */; };
		F82798EF292A7A7400921C32 /* UserDAL.swift in Sources */ = {isa = PBXBuildFile; fileRef = F82798EE292A7A7400921C32 /* UserDAL.swift */; };
		F82798F1292A7ADD00921C32 /* Users.swift in Sources */ = {isa = PBXBuildFile; fileRef = F82798F0292A7ADD00921C32 /* Users.swift */; };
		F82798F3292A881300921C32 /* Matrimony.db in Resources */ = {isa = PBXBuildFile; fileRef = F82798F2292A881300921C32 /* Matrimony.db */; };
		F84D0D10292D5933009A2EA9 /* LikeViewController.swift in Sources */ = {isa = PBXBuildFile; fileRef = F84D0D0F292D5933009A2EA9 /* LikeViewController.swift */; };
		F84D0D12292D598E009A2EA9 /* LikeTableViewCell.swift in Sources */ = {isa = PBXBuildFile; fileRef = F84D0D11292D598E009A2EA9 /* LikeTableViewCell.swift */; };
		F8A91F80292BCDE500F99EDB /* DetailsViewController.swift in Sources */ = {isa = PBXBuildFile; fileRef = F8A91F7F292BCDE500F99EDB /* DetailsViewController.swift */; };
		F8A91F82292BDDBB00F99EDB /* expViewController.swift in Sources */ = {isa = PBXBuildFile; fileRef = F8A91F81292BDDBB00F99EDB /* expViewController.swift */; };
		F8E1CDDA292C94F9004FE024 /* AddViewController.swift in Sources */ = {isa = PBXBuildFile; fileRef = F8E1CDD9292C94F9004FE024 /* AddViewController.swift */; };
		F8F0B42C292DF98D00340262 /* TabBarController.swift in Sources */ = {isa = PBXBuildFile; fileRef = F8F0B42B292DF98D00340262 /* TabBarController.swift */; };
		F8F0B42F292E0A7A00340262 /* SearchViewController.swift in Sources */ = {isa = PBXBuildFile; fileRef = F8F0B42E292E0A7A00340262 /* SearchViewController.swift */; };
		F8F83B5F292CFD23002F695A /* Caste.swift in Sources */ = {isa = PBXBuildFile; fileRef = F8F83B5E292CFD23002F695A /* Caste.swift */; };
		F8F83B61292CFD6F002F695A /* CasteDAL.swift in Sources */ = {isa = PBXBuildFile; fileRef = F8F83B60292CFD6F002F695A /* CasteDAL.swift */; };
/* End PBXBuildFile section */

/* Begin PBXContainerItemProxy section */
		F82798AC292A639100921C32 /* PBXContainerItemProxy */ = {
			isa = PBXContainerItemProxy;
			containerPortal = F827988D292A639000921C32 /* Project object */;
			proxyType = 1;
			remoteGlobalIDString = F8279894292A639000921C32;
			remoteInfo = materiomoni;
		};
		F82798B6292A639100921C32 /* PBXContainerItemProxy */ = {
			isa = PBXContainerItemProxy;
			containerPortal = F827988D292A639000921C32 /* Project object */;
			proxyType = 1;
			remoteGlobalIDString = F8279894292A639000921C32;
			remoteInfo = materiomoni;
		};
/* End PBXContainerItemProxy section */

/* Begin PBXFileReference section */
		1BD19388412BA03AC61EE847 /* Pods_materiomoniTests.framework */ = {isa = PBXFileReference; explicitFileType = wrapper.framework; includeInIndex = 0; path = Pods_materiomoniTests.framework; sourceTree = BUILT_PRODUCTS_DIR; };
		1E13A61534A58504ECAA1C09 /* Pods-materiomoni.debug.xcconfig */ = {isa = PBXFileReference; includeInIndex = 1; lastKnownFileType = text.xcconfig; name = "Pods-materiomoni.debug.xcconfig"; path = "Target Support Files/Pods-materiomoni/Pods-materiomoni.debug.xcconfig"; sourceTree = "<group>"; };
		5624AF7C4C69B46EE6239937 /* Pods-materiomoniTests.debug.xcconfig */ = {isa = PBXFileReference; includeInIndex = 1; lastKnownFileType = text.xcconfig; name = "Pods-materiomoniTests.debug.xcconfig"; path = "Target Support Files/Pods-materiomoniTests/Pods-materiomoniTests.debug.xcconfig"; sourceTree = "<group>"; };
		6B6290D7E5D0F5316DAB798D /* Pods-materiomoni-materiomoniUITests.debug.xcconfig */ = {isa = PBXFileReference; includeInIndex = 1; lastKnownFileType = text.xcconfig; name = "Pods-materiomoni-materiomoniUITests.debug.xcconfig"; path = "Target Support Files/Pods-materiomoni-materiomoniUITests/Pods-materiomoni-materiomoniUITests.debug.xcconfig"; sourceTree = "<group>"; };
		8FB71B3EE62A3B459F7C3225 /* Pods-materiomoni.release.xcconfig */ = {isa = PBXFileReference; includeInIndex = 1; lastKnownFileType = text.xcconfig; name = "Pods-materiomoni.release.xcconfig"; path = "Target Support Files/Pods-materiomoni/Pods-materiomoni.release.xcconfig"; sourceTree = "<group>"; };
		A87D89720A7382B3D6433E15 /* Pods-materiomoniTests.release.xcconfig */ = {isa = PBXFileReference; includeInIndex = 1; lastKnownFileType = text.xcconfig; name = "Pods-materiomoniTests.release.xcconfig"; path = "Target Support Files/Pods-materiomoniTests/Pods-materiomoniTests.release.xcconfig"; sourceTree = "<group>"; };
		DB719B692DDF87B9FB2D25D8 /* Pods_materiomoni.framework */ = {isa = PBXFileReference; explicitFileType = wrapper.framework; includeInIndex = 0; path = Pods_materiomoni.framework; sourceTree = BUILT_PRODUCTS_DIR; };
		E74FCF8BFC50F147A5D167E8 /* Pods_materiomoni_materiomoniUITests.framework */ = {isa = PBXFileReference; explicitFileType = wrapper.framework; includeInIndex = 0; path = Pods_materiomoni_materiomoniUITests.framework; sourceTree = BUILT_PRODUCTS_DIR; };
		F8279895292A639000921C32 /* materiomoni.app */ = {isa = PBXFileReference; explicitFileType = wrapper.application; includeInIndex = 0; path = materiomoni.app; sourceTree = BUILT_PRODUCTS_DIR; };
		F8279898292A639000921C32 /* AppDelegate.swift */ = {isa = PBXFileReference; lastKnownFileType = sourcecode.swift; path = AppDelegate.swift; sourceTree = "<group>"; };
		F827989A292A639000921C32 /* SceneDelegate.swift */ = {isa = PBXFileReference; lastKnownFileType = sourcecode.swift; path = SceneDelegate.swift; sourceTree = "<group>"; };
		F827989C292A639000921C32 /* TabelViewController.swift */ = {isa = PBXFileReference; lastKnownFileType = sourcecode.swift; path = TabelViewController.swift; sourceTree = "<group>"; };
		F827989F292A639000921C32 /* Base */ = {isa = PBXFileReference; lastKnownFileType = file.storyboard; name = Base; path = Base.lproj/Main.storyboard; sourceTree = "<group>"; };
		F82798A1292A639100921C32 /* Assets.xcassets */ = {isa = PBXFileReference; lastKnownFileType = folder.assetcatalog; path = Assets.xcassets; sourceTree = "<group>"; };
		F82798A4292A639100921C32 /* Base */ = {isa = PBXFileReference; lastKnownFileType = file.storyboard; name = Base; path = Base.lproj/LaunchScreen.storyboard; sourceTree = "<group>"; };
		F82798A6292A639100921C32 /* Info.plist */ = {isa = PBXFileReference; lastKnownFileType = text.plist.xml; path = Info.plist; sourceTree = "<group>"; };
		F82798AB292A639100921C32 /* materiomoniTests.xctest */ = {isa = PBXFileReference; explicitFileType = wrapper.cfbundle; includeInIndex = 0; path = materiomoniTests.xctest; sourceTree = BUILT_PRODUCTS_DIR; };
		F82798AF292A639100921C32 /* materiomoniTests.swift */ = {isa = PBXFileReference; lastKnownFileType = sourcecode.swift; path = materiomoniTests.swift; sourceTree = "<group>"; };
		F82798B5292A639100921C32 /* materiomoniUITests.xctest */ = {isa = PBXFileReference; explicitFileType = wrapper.cfbundle; includeInIndex = 0; path = materiomoniUITests.xctest; sourceTree = BUILT_PRODUCTS_DIR; };
		F82798B9292A639100921C32 /* materiomoniUITests.swift */ = {isa = PBXFileReference; lastKnownFileType = sourcecode.swift; path = materiomoniUITests.swift; sourceTree = "<group>"; };
		F82798BB292A639100921C32 /* materiomoniUITestsLaunchTests.swift */ = {isa = PBXFileReference; lastKnownFileType = sourcecode.swift; path = materiomoniUITestsLaunchTests.swift; sourceTree = "<group>"; };
		F82798D0292A746400921C32 /* TableViewCell.swift */ = {isa = PBXFileReference; lastKnownFileType = sourcecode.swift; path = TableViewCell.swift; sourceTree = "<group>"; };
		F82798D4292A74E800921C32 /* ViewController.swift */ = {isa = PBXFileReference; lastKnownFileType = sourcecode.swift; path = ViewController.swift; sourceTree = "<group>"; };
		F82798D7292A785200921C32 /* materiomoni-Bridging-Header.h */ = {isa = PBXFileReference; lastKnownFileType = sourcecode.c.h; path = "materiomoni-Bridging-Header.h"; sourceTree = "<group>"; };
		F82798D8292A785300921C32 /* FMDatabaseQueue.m */ = {isa = PBXFileReference; fileEncoding = 4; lastKnownFileType = sourcecode.c.objc; path = FMDatabaseQueue.m; sourceTree = "<group>"; };
		F82798D9292A785300921C32 /* FMDatabase.h */ = {isa = PBXFileReference; fileEncoding = 4; lastKnownFileType = sourcecode.c.h; path = FMDatabase.h; sourceTree = "<group>"; };
		F82798DA292A785300921C32 /* FMDatabaseQueue.h */ = {isa = PBXFileReference; fileEncoding = 4; lastKnownFileType = sourcecode.c.h; path = FMDatabaseQueue.h; sourceTree = "<group>"; };
		F82798DB292A785300921C32 /* FMDatabaseAdditions.h */ = {isa = PBXFileReference; fileEncoding = 4; lastKnownFileType = sourcecode.c.h; path = FMDatabaseAdditions.h; sourceTree = "<group>"; };
		F82798DC292A785300921C32 /* FMDatabasePool.h */ = {isa = PBXFileReference; fileEncoding = 4; lastKnownFileType = sourcecode.c.h; path = FMDatabasePool.h; sourceTree = "<group>"; };
		F82798DD292A785300921C32 /* FMDatabasePool.m */ = {isa = PBXFileReference; fileEncoding = 4; lastKnownFileType = sourcecode.c.objc; path = FMDatabasePool.m; sourceTree = "<group>"; };
		F82798DE292A785300921C32 /* FMDB.h */ = {isa = PBXFileReference; fileEncoding = 4; lastKnownFileType = sourcecode.c.h; path = FMDB.h; sourceTree = "<group>"; };
		F82798DF292A785400921C32 /* FMDatabaseAdditions.m */ = {isa = PBXFileReference; fileEncoding = 4; lastKnownFileType = sourcecode.c.objc; path = FMDatabaseAdditions.m; sourceTree = "<group>"; };
		F82798E0292A785400921C32 /* FMResultSet.m */ = {isa = PBXFileReference; fileEncoding = 4; lastKnownFileType = sourcecode.c.objc; path = FMResultSet.m; sourceTree = "<group>"; };
		F82798E1292A785400921C32 /* FMResultSet.h */ = {isa = PBXFileReference; fileEncoding = 4; lastKnownFileType = sourcecode.c.h; path = FMResultSet.h; sourceTree = "<group>"; };
		F82798E2292A785400921C32 /* FMDatabase.m */ = {isa = PBXFileReference; fileEncoding = 4; lastKnownFileType = sourcecode.c.objc; path = FMDatabase.m; sourceTree = "<group>"; };
		F82798EA292A78DC00921C32 /* Utility.swift */ = {isa = PBXFileReference; fileEncoding = 4; lastKnownFileType = sourcecode.swift; path = Utility.swift; sourceTree = "<group>"; };
		F82798EE292A7A7400921C32 /* UserDAL.swift */ = {isa = PBXFileReference; lastKnownFileType = sourcecode.swift; path = UserDAL.swift; sourceTree = "<group>"; };
		F82798F0292A7ADD00921C32 /* Users.swift */ = {isa = PBXFileReference; lastKnownFileType = sourcecode.swift; path = Users.swift; sourceTree = "<group>"; };
		F82798F2292A881300921C32 /* Matrimony.db */ = {isa = PBXFileReference; lastKnownFileType = file; path = Matrimony.db; sourceTree = "<group>"; };
		F84D0D0F292D5933009A2EA9 /* LikeViewController.swift */ = {isa = PBXFileReference; lastKnownFileType = sourcecode.swift; path = LikeViewController.swift; sourceTree = "<group>"; };
		F84D0D11292D598E009A2EA9 /* LikeTableViewCell.swift */ = {isa = PBXFileReference; lastKnownFileType = sourcecode.swift; path = LikeTableViewCell.swift; sourceTree = "<group>"; };
		F8A91F7F292BCDE500F99EDB /* DetailsViewController.swift */ = {isa = PBXFileReference; lastKnownFileType = sourcecode.swift; path = DetailsViewController.swift; sourceTree = "<group>"; };
		F8A91F81292BDDBB00F99EDB /* expViewController.swift */ = {isa = PBXFileReference; lastKnownFileType = sourcecode.swift; path = expViewController.swift; sourceTree = "<group>"; };
		F8E1CDD9292C94F9004FE024 /* AddViewController.swift */ = {isa = PBXFileReference; lastKnownFileType = sourcecode.swift; path = AddViewController.swift; sourceTree = "<group>"; };
		F8F0B42B292DF98D00340262 /* TabBarController.swift */ = {isa = PBXFileReference; lastKnownFileType = sourcecode.swift; path = TabBarController.swift; sourceTree = "<group>"; };
		F8F0B42E292E0A7A00340262 /* SearchViewController.swift */ = {isa = PBXFileReference; lastKnownFileType = sourcecode.swift; path = SearchViewController.swift; sourceTree = "<group>"; };
		F8F83B5E292CFD23002F695A /* Caste.swift */ = {isa = PBXFileReference; lastKnownFileType = sourcecode.swift; path = Caste.swift; sourceTree = "<group>"; };
		F8F83B60292CFD6F002F695A /* CasteDAL.swift */ = {isa = PBXFileReference; lastKnownFileType = sourcecode.swift; path = CasteDAL.swift; sourceTree = "<group>"; };
		FF9511F5991317FF52C28257 /* Pods-materiomoni-materiomoniUITests.release.xcconfig */ = {isa = PBXFileReference; includeInIndex = 1; lastKnownFileType = text.xcconfig; name = "Pods-materiomoni-materiomoniUITests.release.xcconfig"; path = "Target Support Files/Pods-materiomoni-materiomoniUITests/Pods-materiomoni-materiomoniUITests.release.xcconfig"; sourceTree = "<group>"; };
/* End PBXFileReference section */

/* Begin PBXFrameworksBuildPhase section */
		F8279892292A639000921C32 /* Frameworks */ = {
			isa = PBXFrameworksBuildPhase;
			buildActionMask = 2147483647;
			files = (
				3924CAADCED1CE7320D475EB /* Pods_materiomoni.framework in Frameworks */,
			);
			runOnlyForDeploymentPostprocessing = 0;
		};
		F82798A8292A639100921C32 /* Frameworks */ = {
			isa = PBXFrameworksBuildPhase;
			buildActionMask = 2147483647;
			files = (
				AA4965740F3F9D376D620930 /* Pods_materiomoniTests.framework in Frameworks */,
			);
			runOnlyForDeploymentPostprocessing = 0;
		};
		F82798B2292A639100921C32 /* Frameworks */ = {
			isa = PBXFrameworksBuildPhase;
			buildActionMask = 2147483647;
			files = (
				0CB2F2160D9D778194D2371E /* Pods_materiomoni_materiomoniUITests.framework in Frameworks */,
			);
			runOnlyForDeploymentPostprocessing = 0;
		};
/* End PBXFrameworksBuildPhase section */

/* Begin PBXGroup section */
		09A429D4DDC778CE14BE9632 /* Frameworks */ = {
			isa = PBXGroup;
			children = (
				DB719B692DDF87B9FB2D25D8 /* Pods_materiomoni.framework */,
				E74FCF8BFC50F147A5D167E8 /* Pods_materiomoni_materiomoniUITests.framework */,
				1BD19388412BA03AC61EE847 /* Pods_materiomoniTests.framework */,
			);
			name = Frameworks;
			sourceTree = "<group>";
		};
		C75A2F8BD4E99D0E3DBDE9CC /* Pods */ = {
			isa = PBXGroup;
			children = (
				1E13A61534A58504ECAA1C09 /* Pods-materiomoni.debug.xcconfig */,
				8FB71B3EE62A3B459F7C3225 /* Pods-materiomoni.release.xcconfig */,
				6B6290D7E5D0F5316DAB798D /* Pods-materiomoni-materiomoniUITests.debug.xcconfig */,
				FF9511F5991317FF52C28257 /* Pods-materiomoni-materiomoniUITests.release.xcconfig */,
				5624AF7C4C69B46EE6239937 /* Pods-materiomoniTests.debug.xcconfig */,
				A87D89720A7382B3D6433E15 /* Pods-materiomoniTests.release.xcconfig */,
			);
			path = Pods;
			sourceTree = "<group>";
		};
		F827988C292A639000921C32 = {
			isa = PBXGroup;
			children = (
				F8279897292A639000921C32 /* materiomoni */,
				F82798AE292A639100921C32 /* materiomoniTests */,
				F82798B8292A639100921C32 /* materiomoniUITests */,
				F8279896292A639000921C32 /* Products */,
				C75A2F8BD4E99D0E3DBDE9CC /* Pods */,
				09A429D4DDC778CE14BE9632 /* Frameworks */,
			);
			sourceTree = "<group>";
		};
		F8279896292A639000921C32 /* Products */ = {
			isa = PBXGroup;
			children = (
				F8279895292A639000921C32 /* materiomoni.app */,
				F82798AB292A639100921C32 /* materiomoniTests.xctest */,
				F82798B5292A639100921C32 /* materiomoniUITests.xctest */,
			);
			name = Products;
			sourceTree = "<group>";
		};
		F8279897292A639000921C32 /* materiomoni */ = {
			isa = PBXGroup;
			children = (
				F8F83B5D292CFBFB002F695A /* Cast */,
				F82798F2292A881300921C32 /* Matrimony.db */,
				F82798D6292A781900921C32 /* FMDB */,
				F82798C8292A735200921C32 /* view */,
				F8279898292A639000921C32 /* AppDelegate.swift */,
				F827989A292A639000921C32 /* SceneDelegate.swift */,
				F827989C292A639000921C32 /* TabelViewController.swift */,
				F82798EA292A78DC00921C32 /* Utility.swift */,
				F827989E292A639000921C32 /* Main.storyboard */,
				F82798A1292A639100921C32 /* Assets.xcassets */,
				F82798A3292A639100921C32 /* LaunchScreen.storyboard */,
				F82798A6292A639100921C32 /* Info.plist */,
				F8A91F81292BDDBB00F99EDB /* expViewController.swift */,
			);
			path = materiomoni;
			sourceTree = "<group>";
		};
		F82798AE292A639100921C32 /* materiomoniTests */ = {
			isa = PBXGroup;
			children = (
				F82798AF292A639100921C32 /* materiomoniTests.swift */,
			);
			path = materiomoniTests;
			sourceTree = "<group>";
		};
		F82798B8292A639100921C32 /* materiomoniUITests */ = {
			isa = PBXGroup;
			children = (
				F82798B9292A639100921C32 /* materiomoniUITests.swift */,
				F82798BB292A639100921C32 /* materiomoniUITestsLaunchTests.swift */,
			);
			path = materiomoniUITests;
			sourceTree = "<group>";
		};
		F82798C8292A735200921C32 /* view */ = {
			isa = PBXGroup;
			children = (
				F84D0D0E292D58F7009A2EA9 /* Like view */,
				F8E1CDD8292BFCD3004FE024 /* Add view */,
				F82798C9292A735E00921C32 /* Home View */,
				F8F0B42B292DF98D00340262 /* TabBarController.swift */,
			);
			path = view;
			sourceTree = "<group>";
		};
		F82798C9292A735E00921C32 /* Home View */ = {
			isa = PBXGroup;
			children = (
				F8F0B42D292E0A5900340262 /* Search View */,
				F8C6DA20292BA56A004C64C4 /* Details view */,
				F82798D0292A746400921C32 /* TableViewCell.swift */,
				F82798D4292A74E800921C32 /* ViewController.swift */,
				F82798EE292A7A7400921C32 /* UserDAL.swift */,
				F82798F0292A7ADD00921C32 /* Users.swift */,
			);
			path = "Home View";
			sourceTree = "<group>";
		};
		F82798D6292A781900921C32 /* FMDB */ = {
			isa = PBXGroup;
			children = (
				F82798D9292A785300921C32 /* FMDatabase.h */,
				F82798E2292A785400921C32 /* FMDatabase.m */,
				F82798DB292A785300921C32 /* FMDatabaseAdditions.h */,
				F82798DF292A785400921C32 /* FMDatabaseAdditions.m */,
				F82798DC292A785300921C32 /* FMDatabasePool.h */,
				F82798DD292A785300921C32 /* FMDatabasePool.m */,
				F82798DA292A785300921C32 /* FMDatabaseQueue.h */,
				F82798D8292A785300921C32 /* FMDatabaseQueue.m */,
				F82798DE292A785300921C32 /* FMDB.h */,
				F82798E1292A785400921C32 /* FMResultSet.h */,
				F82798E0292A785400921C32 /* FMResultSet.m */,
				F82798D7292A785200921C32 /* materiomoni-Bridging-Header.h */,
			);
			path = FMDB;
			sourceTree = "<group>";
		};
		F84D0D0E292D58F7009A2EA9 /* Like view */ = {
			isa = PBXGroup;
			children = (
				F84D0D0F292D5933009A2EA9 /* LikeViewController.swift */,
				F84D0D11292D598E009A2EA9 /* LikeTableViewCell.swift */,
			);
			path = "Like view";
			sourceTree = "<group>";
		};
		F8C6DA20292BA56A004C64C4 /* Details view */ = {
			isa = PBXGroup;
			children = (
				F8A91F7F292BCDE500F99EDB /* DetailsViewController.swift */,
			);
			path = "Details view";
			sourceTree = "<group>";
		};
		F8E1CDD8292BFCD3004FE024 /* Add view */ = {
			isa = PBXGroup;
			children = (
				F8E1CDD9292C94F9004FE024 /* AddViewController.swift */,
			);
			path = "Add view";
			sourceTree = "<group>";
		};
		F8F0B42D292E0A5900340262 /* Search View */ = {
			isa = PBXGroup;
			children = (
				F8F0B42E292E0A7A00340262 /* SearchViewController.swift */,
			);
			path = "Search View";
			sourceTree = "<group>";
		};
		F8F83B5D292CFBFB002F695A /* Cast */ = {
			isa = PBXGroup;
			children = (
				F8F83B5E292CFD23002F695A /* Caste.swift */,
				F8F83B60292CFD6F002F695A /* CasteDAL.swift */,
			);
			path = Cast;
			sourceTree = "<group>";
		};
/* End PBXGroup section */

/* Begin PBXNativeTarget section */
		F8279894292A639000921C32 /* materiomoni */ = {
			isa = PBXNativeTarget;
			buildConfigurationList = F82798BF292A639100921C32 /* Build configuration list for PBXNativeTarget "materiomoni" */;
			buildPhases = (
				01506859280AA6FAE8E3B59D /* [CP] Check Pods Manifest.lock */,
				F8279891292A639000921C32 /* Sources */,
				F8279892292A639000921C32 /* Frameworks */,
				F8279893292A639000921C32 /* Resources */,
				032640CFE7BD2588DF19BDCB /* [CP] Embed Pods Frameworks */,
			);
			buildRules = (
			);
			dependencies = (
			);
			name = materiomoni;
			productName = materiomoni;
			productReference = F8279895292A639000921C32 /* materiomoni.app */;
			productType = "com.apple.product-type.application";
		};
		F82798AA292A639100921C32 /* materiomoniTests */ = {
			isa = PBXNativeTarget;
			buildConfigurationList = F82798C2292A639100921C32 /* Build configuration list for PBXNativeTarget "materiomoniTests" */;
			buildPhases = (
				D141002EF9E63E673390AED2 /* [CP] Check Pods Manifest.lock */,
				F82798A7292A639100921C32 /* Sources */,
				F82798A8292A639100921C32 /* Frameworks */,
				F82798A9292A639100921C32 /* Resources */,
			);
			buildRules = (
			);
			dependencies = (
				F82798AD292A639100921C32 /* PBXTargetDependency */,
			);
			name = materiomoniTests;
			productName = materiomoniTests;
			productReference = F82798AB292A639100921C32 /* materiomoniTests.xctest */;
			productType = "com.apple.product-type.bundle.unit-test";
		};
		F82798B4292A639100921C32 /* materiomoniUITests */ = {
			isa = PBXNativeTarget;
			buildConfigurationList = F82798C5292A639100921C32 /* Build configuration list for PBXNativeTarget "materiomoniUITests" */;
			buildPhases = (
				142562899CB871905074A47A /* [CP] Check Pods Manifest.lock */,
				F82798B1292A639100921C32 /* Sources */,
				F82798B2292A639100921C32 /* Frameworks */,
				F82798B3292A639100921C32 /* Resources */,
				FFF0989B31D67EBDA90513C8 /* [CP] Embed Pods Frameworks */,
			);
			buildRules = (
			);
			dependencies = (
				F82798B7292A639100921C32 /* PBXTargetDependency */,
			);
			name = materiomoniUITests;
			productName = materiomoniUITests;
			productReference = F82798B5292A639100921C32 /* materiomoniUITests.xctest */;
			productType = "com.apple.product-type.bundle.ui-testing";
		};
/* End PBXNativeTarget section */

/* Begin PBXProject section */
		F827988D292A639000921C32 /* Project object */ = {
			isa = PBXProject;
			attributes = {
				BuildIndependentTargetsInParallel = 1;
				LastSwiftUpdateCheck = 1410;
				LastUpgradeCheck = 1410;
				TargetAttributes = {
					F8279894292A639000921C32 = {
						CreatedOnToolsVersion = 14.1;
						LastSwiftMigration = 1410;
					};
					F82798AA292A639100921C32 = {
						CreatedOnToolsVersion = 14.1;
						TestTargetID = F8279894292A639000921C32;
					};
					F82798B4292A639100921C32 = {
						CreatedOnToolsVersion = 14.1;
						TestTargetID = F8279894292A639000921C32;
					};
				};
			};
			buildConfigurationList = F8279890292A639000921C32 /* Build configuration list for PBXProject "materiomoni" */;
			compatibilityVersion = "Xcode 14.0";
			developmentRegion = en;
			hasScannedForEncodings = 0;
			knownRegions = (
				en,
				Base,
			);
			mainGroup = F827988C292A639000921C32;
			productRefGroup = F8279896292A639000921C32 /* Products */;
			projectDirPath = "";
			projectRoot = "";
			targets = (
				F8279894292A639000921C32 /* materiomoni */,
				F82798AA292A639100921C32 /* materiomoniTests */,
				F82798B4292A639100921C32 /* materiomoniUITests */,
			);
		};
/* End PBXProject section */

/* Begin PBXResourcesBuildPhase section */
		F8279893292A639000921C32 /* Resources */ = {
			isa = PBXResourcesBuildPhase;
			buildActionMask = 2147483647;
			files = (
				F82798F3292A881300921C32 /* Matrimony.db in Resources */,
				F82798A5292A639100921C32 /* LaunchScreen.storyboard in Resources */,
				F82798A2292A639100921C32 /* Assets.xcassets in Resources */,
				F82798A0292A639000921C32 /* Main.storyboard in Resources */,
			);
			runOnlyForDeploymentPostprocessing = 0;
		};
		F82798A9292A639100921C32 /* Resources */ = {
			isa = PBXResourcesBuildPhase;
			buildActionMask = 2147483647;
			files = (
			);
			runOnlyForDeploymentPostprocessing = 0;
		};
		F82798B3292A639100921C32 /* Resources */ = {
			isa = PBXResourcesBuildPhase;
			buildActionMask = 2147483647;
			files = (
			);
			runOnlyForDeploymentPostprocessing = 0;
		};
/* End PBXResourcesBuildPhase section */

/* Begin PBXShellScriptBuildPhase section */
		01506859280AA6FAE8E3B59D /* [CP] Check Pods Manifest.lock */ = {
			isa = PBXShellScriptBuildPhase;
			buildActionMask = 2147483647;
			files = (
			);
			inputFileListPaths = (
			);
			inputPaths = (
				"${PODS_PODFILE_DIR_PATH}/Podfile.lock",
				"${PODS_ROOT}/Manifest.lock",
			);
			name = "[CP] Check Pods Manifest.lock";
			outputFileListPaths = (
			);
			outputPaths = (
				"$(DERIVED_FILE_DIR)/Pods-materiomoni-checkManifestLockResult.txt",
			);
			runOnlyForDeploymentPostprocessing = 0;
			shellPath = /bin/sh;
			shellScript = "diff \"${PODS_PODFILE_DIR_PATH}/Podfile.lock\" \"${PODS_ROOT}/Manifest.lock\" > /dev/null\nif [ $? != 0 ] ; then\n    # print error to STDERR\n    echo \"error: The sandbox is not in sync with the Podfile.lock. Run 'pod install' or update your CocoaPods installation.\" >&2\n    exit 1\nfi\n# This output is used by Xcode 'outputs' to avoid re-running this script phase.\necho \"SUCCESS\" > \"${SCRIPT_OUTPUT_FILE_0}\"\n";
			showEnvVarsInLog = 0;
		};
		032640CFE7BD2588DF19BDCB /* [CP] Embed Pods Frameworks */ = {
			isa = PBXShellScriptBuildPhase;
			buildActionMask = 2147483647;
			files = (
			);
			inputFileListPaths = (
				"${PODS_ROOT}/Target Support Files/Pods-materiomoni/Pods-materiomoni-frameworks-${CONFIGURATION}-input-files.xcfilelist",
			);
			name = "[CP] Embed Pods Frameworks";
			outputFileListPaths = (
				"${PODS_ROOT}/Target Support Files/Pods-materiomoni/Pods-materiomoni-frameworks-${CONFIGURATION}-output-files.xcfilelist",
			);
			runOnlyForDeploymentPostprocessing = 0;
			shellPath = /bin/sh;
			shellScript = "\"${PODS_ROOT}/Target Support Files/Pods-materiomoni/Pods-materiomoni-frameworks.sh\"\n";
			showEnvVarsInLog = 0;
		};
		142562899CB871905074A47A /* [CP] Check Pods Manifest.lock */ = {
			isa = PBXShellScriptBuildPhase;
			buildActionMask = 2147483647;
			files = (
			);
			inputFileListPaths = (
			);
			inputPaths = (
				"${PODS_PODFILE_DIR_PATH}/Podfile.lock",
				"${PODS_ROOT}/Manifest.lock",
			);
			name = "[CP] Check Pods Manifest.lock";
			outputFileListPaths = (
			);
			outputPaths = (
				"$(DERIVED_FILE_DIR)/Pods-materiomoni-materiomoniUITests-checkManifestLockResult.txt",
			);
			runOnlyForDeploymentPostprocessing = 0;
			shellPath = /bin/sh;
			shellScript = "diff \"${PODS_PODFILE_DIR_PATH}/Podfile.lock\" \"${PODS_ROOT}/Manifest.lock\" > /dev/null\nif [ $? != 0 ] ; then\n    # print error to STDERR\n    echo \"error: The sandbox is not in sync with the Podfile.lock. Run 'pod install' or update your CocoaPods installation.\" >&2\n    exit 1\nfi\n# This output is used by Xcode 'outputs' to avoid re-running this script phase.\necho \"SUCCESS\" > \"${SCRIPT_OUTPUT_FILE_0}\"\n";
			showEnvVarsInLog = 0;
		};
		D141002EF9E63E673390AED2 /* [CP] Check Pods Manifest.lock */ = {
			isa = PBXShellScriptBuildPhase;
			buildActionMask = 2147483647;
			files = (
			);
			inputFileListPaths = (
			);
			inputPaths = (
				"${PODS_PODFILE_DIR_PATH}/Podfile.lock",
				"${PODS_ROOT}/Manifest.lock",
			);
			name = "[CP] Check Pods Manifest.lock";
			outputFileListPaths = (
			);
			outputPaths = (
				"$(DERIVED_FILE_DIR)/Pods-materiomoniTests-checkManifestLockResult.txt",
			);
			runOnlyForDeploymentPostprocessing = 0;
			shellPath = /bin/sh;
			shellScript = "diff \"${PODS_PODFILE_DIR_PATH}/Podfile.lock\" \"${PODS_ROOT}/Manifest.lock\" > /dev/null\nif [ $? != 0 ] ; then\n    # print error to STDERR\n    echo \"error: The sandbox is not in sync with the Podfile.lock. Run 'pod install' or update your CocoaPods installation.\" >&2\n    exit 1\nfi\n# This output is used by Xcode 'outputs' to avoid re-running this script phase.\necho \"SUCCESS\" > \"${SCRIPT_OUTPUT_FILE_0}\"\n";
			showEnvVarsInLog = 0;
		};
		FFF0989B31D67EBDA90513C8 /* [CP] Embed Pods Frameworks */ = {
			isa = PBXShellScriptBuildPhase;
			buildActionMask = 2147483647;
			files = (
			);
			inputFileListPaths = (
				"${PODS_ROOT}/Target Support Files/Pods-materiomoni-materiomoniUITests/Pods-materiomoni-materiomoniUITests-frameworks-${CONFIGURATION}-input-files.xcfilelist",
			);
			name = "[CP] Embed Pods Frameworks";
			outputFileListPaths = (
				"${PODS_ROOT}/Target Support Files/Pods-materiomoni-materiomoniUITests/Pods-materiomoni-materiomoniUITests-frameworks-${CONFIGURATION}-output-files.xcfilelist",
			);
			runOnlyForDeploymentPostprocessing = 0;
			shellPath = /bin/sh;
			shellScript = "\"${PODS_ROOT}/Target Support Files/Pods-materiomoni-materiomoniUITests/Pods-materiomoni-materiomoniUITests-frameworks.sh\"\n";
			showEnvVarsInLog = 0;
		};
/* End PBXShellScriptBuildPhase section */

/* Begin PBXSourcesBuildPhase section */
		F8279891292A639000921C32 /* Sources */ = {
			isa = PBXSourcesBuildPhase;
			buildActionMask = 2147483647;
			files = (
				F8F83B5F292CFD23002F695A /* Caste.swift in Sources */,
				F82798D5292A74E800921C32 /* ViewController.swift in Sources */,
				F8F83B61292CFD6F002F695A /* CasteDAL.swift in Sources */,
				F84D0D10292D5933009A2EA9 /* LikeViewController.swift in Sources */,
				F82798D1292A746400921C32 /* TableViewCell.swift in Sources */,
				F827989D292A639000921C32 /* TabelViewController.swift in Sources */,
				F82798EB292A78DC00921C32 /* Utility.swift in Sources */,
				F82798EF292A7A7400921C32 /* UserDAL.swift in Sources */,
				F82798E8292A785400921C32 /* FMDatabase.m in Sources */,
				F8279899292A639000921C32 /* AppDelegate.swift in Sources */,
				F82798E5292A785400921C32 /* FMDatabasePool.m in Sources */,
				F827989B292A639000921C32 /* SceneDelegate.swift in Sources */,
				F8F0B42F292E0A7A00340262 /* SearchViewController.swift in Sources */,
				F8A91F82292BDDBB00F99EDB /* expViewController.swift in Sources */,
				F8E1CDDA292C94F9004FE024 /* AddViewController.swift in Sources */,
				F82798F1292A7ADD00921C32 /* Users.swift in Sources */,
				F82798E7292A785400921C32 /* FMResultSet.m in Sources */,
				F8A91F80292BCDE500F99EDB /* DetailsViewController.swift in Sources */,
				F82798E4292A785400921C32 /* FMDatabaseQueue.m in Sources */,
				F8F0B42C292DF98D00340262 /* TabBarController.swift in Sources */,
				F84D0D12292D598E009A2EA9 /* LikeTableViewCell.swift in Sources */,
				F82798E6292A785400921C32 /* FMDatabaseAdditions.m in Sources */,
			);
			runOnlyForDeploymentPostprocessing = 0;
		};
		F82798A7292A639100921C32 /* Sources */ = {
			isa = PBXSourcesBuildPhase;
			buildActionMask = 2147483647;
			files = (
				F82798B0292A639100921C32 /* materiomoniTests.swift in Sources */,
			);
			runOnlyForDeploymentPostprocessing = 0;
		};
		F82798B1292A639100921C32 /* Sources */ = {
			isa = PBXSourcesBuildPhase;
			buildActionMask = 2147483647;
			files = (
				F82798BA292A639100921C32 /* materiomoniUITests.swift in Sources */,
				F82798BC292A639100921C32 /* materiomoniUITestsLaunchTests.swift in Sources */,
			);
			runOnlyForDeploymentPostprocessing = 0;
		};
/* End PBXSourcesBuildPhase section */

/* Begin PBXTargetDependency section */
		F82798AD292A639100921C32 /* PBXTargetDependency */ = {
			isa = PBXTargetDependency;
			target = F8279894292A639000921C32 /* materiomoni */;
			targetProxy = F82798AC292A639100921C32 /* PBXContainerItemProxy */;
		};
		F82798B7292A639100921C32 /* PBXTargetDependency */ = {
			isa = PBXTargetDependency;
			target = F8279894292A639000921C32 /* materiomoni */;
			targetProxy = F82798B6292A639100921C32 /* PBXContainerItemProxy */;
		};
/* End PBXTargetDependency section */

/* Begin PBXVariantGroup section */
		F827989E292A639000921C32 /* Main.storyboard */ = {
			isa = PBXVariantGroup;
			children = (
				F827989F292A639000921C32 /* Base */,
			);
			name = Main.storyboard;
			sourceTree = "<group>";
		};
		F82798A3292A639100921C32 /* LaunchScreen.storyboard */ = {
			isa = PBXVariantGroup;
			children = (
				F82798A4292A639100921C32 /* Base */,
			);
			name = LaunchScreen.storyboard;
			sourceTree = "<group>";
		};
/* End PBXVariantGroup section */

/* Begin XCBuildConfiguration section */
		F82798BD292A639100921C32 /* Debug */ = {
			isa = XCBuildConfiguration;
			buildSettings = {
				ALWAYS_SEARCH_USER_PATHS = NO;
				CLANG_ANALYZER_NONNULL = YES;
				CLANG_ANALYZER_NUMBER_OBJECT_CONVERSION = YES_AGGRESSIVE;
				CLANG_CXX_LANGUAGE_STANDARD = "gnu++20";
				CLANG_ENABLE_MODULES = YES;
				CLANG_ENABLE_OBJC_ARC = YES;
				CLANG_ENABLE_OBJC_WEAK = YES;
				CLANG_WARN_BLOCK_CAPTURE_AUTORELEASING = YES;
				CLANG_WARN_BOOL_CONVERSION = YES;
				CLANG_WARN_COMMA = YES;
				CLANG_WARN_CONSTANT_CONVERSION = YES;
				CLANG_WARN_DEPRECATED_OBJC_IMPLEMENTATIONS = YES;
				CLANG_WARN_DIRECT_OBJC_ISA_USAGE = YES_ERROR;
				CLANG_WARN_DOCUMENTATION_COMMENTS = YES;
				CLANG_WARN_EMPTY_BODY = YES;
				CLANG_WARN_ENUM_CONVERSION = YES;
				CLANG_WARN_INFINITE_RECURSION = YES;
				CLANG_WARN_INT_CONVERSION = YES;
				CLANG_WARN_NON_LITERAL_NULL_CONVERSION = YES;
				CLANG_WARN_OBJC_IMPLICIT_RETAIN_SELF = YES;
				CLANG_WARN_OBJC_LITERAL_CONVERSION = YES;
				CLANG_WARN_OBJC_ROOT_CLASS = YES_ERROR;
				CLANG_WARN_QUOTED_INCLUDE_IN_FRAMEWORK_HEADER = YES;
				CLANG_WARN_RANGE_LOOP_ANALYSIS = YES;
				CLANG_WARN_STRICT_PROTOTYPES = YES;
				CLANG_WARN_SUSPICIOUS_MOVE = YES;
				CLANG_WARN_UNGUARDED_AVAILABILITY = YES_AGGRESSIVE;
				CLANG_WARN_UNREACHABLE_CODE = YES;
				CLANG_WARN__DUPLICATE_METHOD_MATCH = YES;
				COPY_PHASE_STRIP = NO;
				DEBUG_INFORMATION_FORMAT = dwarf;
				ENABLE_STRICT_OBJC_MSGSEND = YES;
				ENABLE_TESTABILITY = YES;
				GCC_C_LANGUAGE_STANDARD = gnu11;
				GCC_DYNAMIC_NO_PIC = NO;
				GCC_NO_COMMON_BLOCKS = YES;
				GCC_OPTIMIZATION_LEVEL = 0;
				GCC_PREPROCESSOR_DEFINITIONS = (
					"DEBUG=1",
					"$(inherited)",
				);
				GCC_WARN_64_TO_32_BIT_CONVERSION = YES;
				GCC_WARN_ABOUT_RETURN_TYPE = YES_ERROR;
				GCC_WARN_UNDECLARED_SELECTOR = YES;
				GCC_WARN_UNINITIALIZED_AUTOS = YES_AGGRESSIVE;
				GCC_WARN_UNUSED_FUNCTION = YES;
				GCC_WARN_UNUSED_VARIABLE = YES;
				IPHONEOS_DEPLOYMENT_TARGET = 16.1;
				MTL_ENABLE_DEBUG_INFO = INCLUDE_SOURCE;
				MTL_FAST_MATH = YES;
				ONLY_ACTIVE_ARCH = YES;
				SDKROOT = iphoneos;
				SWIFT_ACTIVE_COMPILATION_CONDITIONS = DEBUG;
				SWIFT_OPTIMIZATION_LEVEL = "-Onone";
			};
			name = Debug;
		};
		F82798BE292A639100921C32 /* Release */ = {
			isa = XCBuildConfiguration;
			buildSettings = {
				ALWAYS_SEARCH_USER_PATHS = NO;
				CLANG_ANALYZER_NONNULL = YES;
				CLANG_ANALYZER_NUMBER_OBJECT_CONVERSION = YES_AGGRESSIVE;
				CLANG_CXX_LANGUAGE_STANDARD = "gnu++20";
				CLANG_ENABLE_MODULES = YES;
				CLANG_ENABLE_OBJC_ARC = YES;
				CLANG_ENABLE_OBJC_WEAK = YES;
				CLANG_WARN_BLOCK_CAPTURE_AUTORELEASING = YES;
				CLANG_WARN_BOOL_CONVERSION = YES;
				CLANG_WARN_COMMA = YES;
				CLANG_WARN_CONSTANT_CONVERSION = YES;
				CLANG_WARN_DEPRECATED_OBJC_IMPLEMENTATIONS = YES;
				CLANG_WARN_DIRECT_OBJC_ISA_USAGE = YES_ERROR;
				CLANG_WARN_DOCUMENTATION_COMMENTS = YES;
				CLANG_WARN_EMPTY_BODY = YES;
				CLANG_WARN_ENUM_CONVERSION = YES;
				CLANG_WARN_INFINITE_RECURSION = YES;
				CLANG_WARN_INT_CONVERSION = YES;
				CLANG_WARN_NON_LITERAL_NULL_CONVERSION = YES;
				CLANG_WARN_OBJC_IMPLICIT_RETAIN_SELF = YES;
				CLANG_WARN_OBJC_LITERAL_CONVERSION = YES;
				CLANG_WARN_OBJC_ROOT_CLASS = YES_ERROR;
				CLANG_WARN_QUOTED_INCLUDE_IN_FRAMEWORK_HEADER = YES;
				CLANG_WARN_RANGE_LOOP_ANALYSIS = YES;
				CLANG_WARN_STRICT_PROTOTYPES = YES;
				CLANG_WARN_SUSPICIOUS_MOVE = YES;
				CLANG_WARN_UNGUARDED_AVAILABILITY = YES_AGGRESSIVE;
				CLANG_WARN_UNREACHABLE_CODE = YES;
				CLANG_WARN__DUPLICATE_METHOD_MATCH = YES;
				COPY_PHASE_STRIP = NO;
				DEBUG_INFORMATION_FORMAT = "dwarf-with-dsym";
				ENABLE_NS_ASSERTIONS = NO;
				ENABLE_STRICT_OBJC_MSGSEND = YES;
				GCC_C_LANGUAGE_STANDARD = gnu11;
				GCC_NO_COMMON_BLOCKS = YES;
				GCC_WARN_64_TO_32_BIT_CONVERSION = YES;
				GCC_WARN_ABOUT_RETURN_TYPE = YES_ERROR;
				GCC_WARN_UNDECLARED_SELECTOR = YES;
				GCC_WARN_UNINITIALIZED_AUTOS = YES_AGGRESSIVE;
				GCC_WARN_UNUSED_FUNCTION = YES;
				GCC_WARN_UNUSED_VARIABLE = YES;
				IPHONEOS_DEPLOYMENT_TARGET = 16.1;
				MTL_ENABLE_DEBUG_INFO = NO;
				MTL_FAST_MATH = YES;
				SDKROOT = iphoneos;
				SWIFT_COMPILATION_MODE = wholemodule;
				SWIFT_OPTIMIZATION_LEVEL = "-O";
				VALIDATE_PRODUCT = YES;
			};
			name = Release;
		};
		F82798C0292A639100921C32 /* Debug */ = {
			isa = XCBuildConfiguration;
			baseConfigurationReference = 1E13A61534A58504ECAA1C09 /* Pods-materiomoni.debug.xcconfig */;
			buildSettings = {
				ASSETCATALOG_COMPILER_APPICON_NAME = AppIcon;
				ASSETCATALOG_COMPILER_GLOBAL_ACCENT_COLOR_NAME = AccentColor;
				CLANG_ENABLE_MODULES = YES;
				CODE_SIGN_STYLE = Automatic;
				CURRENT_PROJECT_VERSION = 1;
				GENERATE_INFOPLIST_FILE = YES;
				INFOPLIST_FILE = materiomoni/Info.plist;
				INFOPLIST_KEY_UIApplicationSupportsIndirectInputEvents = YES;
				INFOPLIST_KEY_UILaunchStoryboardName = LaunchScreen;
				INFOPLIST_KEY_UIMainStoryboardFile = Main;
				INFOPLIST_KEY_UISupportedInterfaceOrientations = "UIInterfaceOrientationLandscapeLeft UIInterfaceOrientationLandscapeRight UIInterfaceOrientationPortrait";
				INFOPLIST_KEY_UISupportedInterfaceOrientations_iPad = "UIInterfaceOrientationLandscapeLeft UIInterfaceOrientationLandscapeRight UIInterfaceOrientationPortrait UIInterfaceOrientationPortraitUpsideDown";
				IPHONEOS_DEPLOYMENT_TARGET = 15.0;
				LD_RUNPATH_SEARCH_PATHS = (
					"$(inherited)",
					"@executable_path/Frameworks",
				);
				MARKETING_VERSION = 1.0;
				PRODUCT_BUNDLE_IDENTIFIER = com.topgrowth.utsavbusa.materiomoni;
				PRODUCT_NAME = "$(TARGET_NAME)";
				SWIFT_EMIT_LOC_STRINGS = YES;
				SWIFT_OBJC_BRIDGING_HEADER = "materiomoni/FMDB/materiomoni-Bridging-Header.h";
				SWIFT_OPTIMIZATION_LEVEL = "-Onone";
				SWIFT_VERSION = 5.0;
				TARGETED_DEVICE_FAMILY = "1,2";
			};
			name = Debug;
		};
		F82798C1292A639100921C32 /* Release */ = {
			isa = XCBuildConfiguration;
			baseConfigurationReference = 8FB71B3EE62A3B459F7C3225 /* Pods-materiomoni.release.xcconfig */;
			buildSettings = {
				ASSETCATALOG_COMPILER_APPICON_NAME = AppIcon;
				ASSETCATALOG_COMPILER_GLOBAL_ACCENT_COLOR_NAME = AccentColor;
				CLANG_ENABLE_MODULES = YES;
				CODE_SIGN_STYLE = Automatic;
				CURRENT_PROJECT_VERSION = 1;
				GENERATE_INFOPLIST_FILE = YES;
				INFOPLIST_FILE = materiomoni/Info.plist;
				INFOPLIST_KEY_UIApplicationSupportsIndirectInputEvents = YES;
				INFOPLIST_KEY_UILaunchStoryboardName = LaunchScreen;
				INFOPLIST_KEY_UIMainStoryboardFile = Main;
				INFOPLIST_KEY_UISupportedInterfaceOrientations = "UIInterfaceOrientationLandscapeLeft UIInterfaceOrientationLandscapeRight UIInterfaceOrientationPortrait";
				INFOPLIST_KEY_UISupportedInterfaceOrientations_iPad = "UIInterfaceOrientationLandscapeLeft UIInterfaceOrientationLandscapeRight UIInterfaceOrientationPortrait UIInterfaceOrientationPortraitUpsideDown";
				IPHONEOS_DEPLOYMENT_TARGET = 15.0;
				LD_RUNPATH_SEARCH_PATHS = (
					"$(inherited)",
					"@executable_path/Frameworks",
				);
				MARKETING_VERSION = 1.0;
				PRODUCT_BUNDLE_IDENTIFIER = com.topgrowth.utsavbusa.materiomoni;
				PRODUCT_NAME = "$(TARGET_NAME)";
				SWIFT_EMIT_LOC_STRINGS = YES;
				SWIFT_OBJC_BRIDGING_HEADER = "materiomoni/FMDB/materiomoni-Bridging-Header.h";
				SWIFT_VERSION = 5.0;
				TARGETED_DEVICE_FAMILY = "1,2";
			};
			name = Release;
		};
		F82798C3292A639100921C32 /* Debug */ = {
			isa = XCBuildConfiguration;
			baseConfigurationReference = 5624AF7C4C69B46EE6239937 /* Pods-materiomoniTests.debug.xcconfig */;
			buildSettings = {
				ALWAYS_EMBED_SWIFT_STANDARD_LIBRARIES = YES;
				BUNDLE_LOADER = "$(TEST_HOST)";
				CODE_SIGN_STYLE = Automatic;
				CURRENT_PROJECT_VERSION = 1;
				GENERATE_INFOPLIST_FILE = YES;
				IPHONEOS_DEPLOYMENT_TARGET = 16.1;
				MARKETING_VERSION = 1.0;
				PRODUCT_BUNDLE_IDENTIFIER = com.topgrowth.utsavbusa.materiomoniTests;
				PRODUCT_NAME = "$(TARGET_NAME)";
				SWIFT_EMIT_LOC_STRINGS = NO;
				SWIFT_VERSION = 5.0;
				TARGETED_DEVICE_FAMILY = "1,2";
				TEST_HOST = "$(BUILT_PRODUCTS_DIR)/materiomoni.app/$(BUNDLE_EXECUTABLE_FOLDER_PATH)/materiomoni";
			};
			name = Debug;
		};
		F82798C4292A639100921C32 /* Release */ = {
			isa = XCBuildConfiguration;
			baseConfigurationReference = A87D89720A7382B3D6433E15 /* Pods-materiomoniTests.release.xcconfig */;
			buildSettings = {
				ALWAYS_EMBED_SWIFT_STANDARD_LIBRARIES = YES;
				BUNDLE_LOADER = "$(TEST_HOST)";
				CODE_SIGN_STYLE = Automatic;
				CURRENT_PROJECT_VERSION = 1;
				GENERATE_INFOPLIST_FILE = YES;
				IPHONEOS_DEPLOYMENT_TARGET = 16.1;
				MARKETING_VERSION = 1.0;
				PRODUCT_BUNDLE_IDENTIFIER = com.topgrowth.utsavbusa.materiomoniTests;
				PRODUCT_NAME = "$(TARGET_NAME)";
				SWIFT_EMIT_LOC_STRINGS = NO;
				SWIFT_VERSION = 5.0;
				TARGETED_DEVICE_FAMILY = "1,2";
				TEST_HOST = "$(BUILT_PRODUCTS_DIR)/materiomoni.app/$(BUNDLE_EXECUTABLE_FOLDER_PATH)/materiomoni";
			};
			name = Release;
		};
		F82798C6292A639100921C32 /* Debug */ = {
			isa = XCBuildConfiguration;
			baseConfigurationReference = 6B6290D7E5D0F5316DAB798D /* Pods-materiomoni-materiomoniUITests.debug.xcconfig */;
			buildSettings = {
				ALWAYS_EMBED_SWIFT_STANDARD_LIBRARIES = YES;
				CODE_SIGN_STYLE = Automatic;
				CURRENT_PROJECT_VERSION = 1;
				GENERATE_INFOPLIST_FILE = YES;
				MARKETING_VERSION = 1.0;
				PRODUCT_BUNDLE_IDENTIFIER = com.topgrowth.utsavbusa.materiomoniUITests;
				PRODUCT_NAME = "$(TARGET_NAME)";
				SWIFT_EMIT_LOC_STRINGS = NO;
				SWIFT_VERSION = 5.0;
				TARGETED_DEVICE_FAMILY = "1,2";
				TEST_TARGET_NAME = materiomoni;
			};
			name = Debug;
		};
		F82798C7292A639100921C32 /* Release */ = {
			isa = XCBuildConfiguration;
			baseConfigurationReference = FF9511F5991317FF52C28257 /* Pods-materiomoni-materiomoniUITests.release.xcconfig */;
			buildSettings = {
				ALWAYS_EMBED_SWIFT_STANDARD_LIBRARIES = YES;
				CODE_SIGN_STYLE = Automatic;
				CURRENT_PROJECT_VERSION = 1;
				GENERATE_INFOPLIST_FILE = YES;
				MARKETING_VERSION = 1.0;
				PRODUCT_BUNDLE_IDENTIFIER = com.topgrowth.utsavbusa.materiomoniUITests;
				PRODUCT_NAME = "$(TARGET_NAME)";
				SWIFT_EMIT_LOC_STRINGS = NO;
				SWIFT_VERSION = 5.0;
				TARGETED_DEVICE_FAMILY = "1,2";
				TEST_TARGET_NAME = materiomoni;
			};
			name = Release;
		};
/* End XCBuildConfiguration section */

/* Begin XCConfigurationList section */
		F8279890292A639000921C32 /* Build configuration list for PBXProject "materiomoni" */ = {
			isa = XCConfigurationList;
			buildConfigurations = (
				F82798BD292A639100921C32 /* Debug */,
				F82798BE292A639100921C32 /* Release */,
			);
			defaultConfigurationIsVisible = 0;
			defaultConfigurationName = Release;
		};
		F82798BF292A639100921C32 /* Build configuration list for PBXNativeTarget "materiomoni" */ = {
			isa = XCConfigurationList;
			buildConfigurations = (
				F82798C0292A639100921C32 /* Debug */,
				F82798C1292A639100921C32 /* Release */,
			);
			defaultConfigurationIsVisible = 0;
			defaultConfigurationName = Release;
		};
		F82798C2292A639100921C32 /* Build configuration list for PBXNativeTarget "materiomoniTests" */ = {
			isa = XCConfigurationList;
			buildConfigurations = (
				F82798C3292A639100921C32 /* Debug */,
				F82798C4292A639100921C32 /* Release */,
			);
			defaultConfigurationIsVisible = 0;
			defaultConfigurationName = Release;
		};
		F82798C5292A639100921C32 /* Build configuration list for PBXNativeTarget "materiomoniUITests" */ = {
			isa = XCConfigurationList;
			buildConfigurations = (
				F82798C6292A639100921C32 /* Debug */,
				F82798C7292A639100921C32 /* Release */,
			);
			defaultConfigurationIsVisible = 0;
			defaultConfigurationName = Release;
		};
/* End XCConfigurationList section */
	};
	rootObject = F827988D292A639000921C32 /* Project object */;
}
